// !$*UTF8*$!
{
	archiveVersion = 1;
	classes = {
	};
	objectVersion = 46;
	objects = {

/* Begin PBXBuildFile section */
		471A79EB1AB3640500F7EDCC /* AppDelegate.m in Sources */ = {isa = PBXBuildFile; fileRef = 471A79EA1AB3640500F7EDCC /* AppDelegate.m */; };
		471A79ED1AB3640500F7EDCC /* main.m in Sources */ = {isa = PBXBuildFile; fileRef = 471A79EC1AB3640500F7EDCC /* main.m */; };
		471A79EF1AB3640500F7EDCC /* Images.xcassets in Resources */ = {isa = PBXBuildFile; fileRef = 471A79EE1AB3640500F7EDCC /* Images.xcassets */; };
		471A79F21AB3640500F7EDCC /* MainMenu.xib in Resources */ = {isa = PBXBuildFile; fileRef = 471A79F01AB3640500F7EDCC /* MainMenu.xib */; };
		471A79FE1AB3640600F7EDCC /* RPSTests.m in Sources */ = {isa = PBXBuildFile; fileRef = 471A79FD1AB3640600F7EDCC /* RPSTests.m */; };
/* End PBXBuildFile section */

/* Begin PBXContainerItemProxy section */
		471A79F81AB3640600F7EDCC /* PBXContainerItemProxy */ = {
			isa = PBXContainerItemProxy;
			containerPortal = 471A79DC1AB3640500F7EDCC /* Project object */;
			proxyType = 1;
			remoteGlobalIDString = 471A79E31AB3640500F7EDCC;
			remoteInfo = RPS;
		};
/* End PBXContainerItemProxy section */

/* Begin PBXFileReference section */
		471A79E41AB3640500F7EDCC /* RPS.app */ = {isa = PBXFileReference; explicitFileType = wrapper.application; includeInIndex = 0; path = RPS.app; sourceTree = BUILT_PRODUCTS_DIR; };
		471A79E81AB3640500F7EDCC /* Info.plist */ = {isa = PBXFileReference; lastKnownFileType = text.plist.xml; path = Info.plist; sourceTree = "<group>"; };
		471A79E91AB3640500F7EDCC /* AppDelegate.h */ = {isa = PBXFileReference; lastKnownFileType = sourcecode.c.h; path = AppDelegate.h; sourceTree = "<group>"; };
		471A79EA1AB3640500F7EDCC /* AppDelegate.m */ = {isa = PBXFileReference; lastKnownFileType = sourcecode.c.objc; path = AppDelegate.m; sourceTree = "<group>"; };
		471A79EC1AB3640500F7EDCC /* main.m */ = {isa = PBXFileReference; lastKnownFileType = sourcecode.c.objc; path = main.m; sourceTree = "<group>"; };
		471A79EE1AB3640500F7EDCC /* Images.xcassets */ = {isa = PBXFileReference; lastKnownFileType = folder.assetcatalog; path = Images.xcassets; sourceTree = "<group>"; };
		471A79F11AB3640500F7EDCC /* Base */ = {isa = PBXFileReference; lastKnownFileType = file.xib; name = Base; path = Base.lproj/MainMenu.xib; sourceTree = "<group>"; };
		471A79F71AB3640600F7EDCC /* RPSTests.xctest */ = {isa = PBXFileReference; explicitFileType = wrapper.cfbundle; includeInIndex = 0; path = RPSTests.xctest; sourceTree = BUILT_PRODUCTS_DIR; };
		471A79FC1AB3640600F7EDCC /* Info.plist */ = {isa = PBXFileReference; lastKnownFileType = text.plist.xml; path = Info.plist; sourceTree = "<group>"; };
		471A79FD1AB3640600F7EDCC /* RPSTests.m */ = {isa = PBXFileReference; lastKnownFileType = sourcecode.c.objc; path = RPSTests.m; sourceTree = "<group>"; };
/* End PBXFileReference section */

/* Begin PBXFrameworksBuildPhase section */
		471A79E11AB3640500F7EDCC /* Frameworks */ = {
			isa = PBXFrameworksBuildPhase;
			buildActionMask = 2147483647;
			files = (
			);
			runOnlyForDeploymentPostprocessing = 0;
		};
		471A79F41AB3640600F7EDCC /* Frameworks */ = {
			isa = PBXFrameworksBuildPhase;
			buildActionMask = 2147483647;
			files = (
			);
			runOnlyForDeploymentPostprocessing = 0;
		};
/* End PBXFrameworksBuildPhase section */

/* Begin PBXGroup section */
		471A79DB1AB3640500F7EDCC = {
			isa = PBXGroup;
			children = (
				471A79E61AB3640500F7EDCC /* RPS */,
				471A79FA1AB3640600F7EDCC /* RPSTests */,
				471A79E51AB3640500F7EDCC /* Products */,
			);
			sourceTree = "<group>";
		};
		471A79E51AB3640500F7EDCC /* Products */ = {
			isa = PBXGroup;
			children = (
				471A79E41AB3640500F7EDCC /* RPS.app */,
				471A79F71AB3640600F7EDCC /* RPSTests.xctest */,
			);
			name = Products;
			sourceTree = "<group>";
		};
		471A79E61AB3640500F7EDCC /* RPS */ = {
			isa = PBXGroup;
			children = (
				471A79E91AB3640500F7EDCC /* AppDelegate.h */,
				471A79EA1AB3640500F7EDCC /* AppDelegate.m */,
				471A79EE1AB3640500F7EDCC /* Images.xcassets */,
				471A79F01AB3640500F7EDCC /* MainMenu.xib */,
				471A79E71AB3640500F7EDCC /* Supporting Files */,
			);
			path = RPS;
			sourceTree = "<group>";
		};
		471A79E71AB3640500F7EDCC /* Supporting Files */ = {
			isa = PBXGroup;
			children = (
				471A79E81AB3640500F7EDCC /* Info.plist */,
				471A79EC1AB3640500F7EDCC /* main.m */,
			);
			name = "Supporting Files";
			sourceTree = "<group>";
		};
		471A79FA1AB3640600F7EDCC /* RPSTests */ = {
			isa = PBXGroup;
			children = (
				471A79FD1AB3640600F7EDCC /* RPSTests.m */,
				471A79FB1AB3640600F7EDCC /* Supporting Files */,
			);
			path = RPSTests;
			sourceTree = "<group>";
		};
		471A79FB1AB3640600F7EDCC /* Supporting Files */ = {
			isa = PBXGroup;
			children = (
				471A79FC1AB3640600F7EDCC /* Info.plist */,
			);
			name = "Supporting Files";
			sourceTree = "<group>";
		};
/* End PBXGroup section */

/* Begin PBXNativeTarget section */
		471A79E31AB3640500F7EDCC /* RPS */ = {
			isa = PBXNativeTarget;
			buildConfigurationList = 471A7A011AB3640600F7EDCC /* Build configuration list for PBXNativeTarget "RPS" */;
			buildPhases = (
				471A79E01AB3640500F7EDCC /* Sources */,
				471A79E11AB3640500F7EDCC /* Frameworks */,
				471A79E21AB3640500F7EDCC /* Resources */,
			);
			buildRules = (
			);
			dependencies = (
			);
			name = RPS;
			productName = RPS;
			productReference = 471A79E41AB3640500F7EDCC /* RPS.app */;
			productType = "com.apple.product-type.application";
		};
		471A79F61AB3640600F7EDCC /* RPSTests */ = {
			isa = PBXNativeTarget;
			buildConfigurationList = 471A7A041AB3640600F7EDCC /* Build configuration list for PBXNativeTarget "RPSTests" */;
			buildPhases = (
				471A79F31AB3640600F7EDCC /* Sources */,
				471A79F41AB3640600F7EDCC /* Frameworks */,
				471A79F51AB3640600F7EDCC /* Resources */,
			);
			buildRules = (
			);
			dependencies = (
				471A79F91AB3640600F7EDCC /* PBXTargetDependency */,
			);
			name = RPSTests;
			productName = RPSTests;
			productReference = 471A79F71AB3640600F7EDCC /* RPSTests.xctest */;
			productType = "com.apple.product-type.bundle.unit-test";
		};
/* End PBXNativeTarget section */

/* Begin PBXProject section */
		471A79DC1AB3640500F7EDCC /* Project object */ = {
			isa = PBXProject;
			attributes = {
				LastUpgradeCheck = 0620;
				ORGANIZATIONNAME = "Kyle Napod";
				TargetAttributes = {
					471A79E31AB3640500F7EDCC = {
						CreatedOnToolsVersion = 6.2;
					};
					471A79F61AB3640600F7EDCC = {
						CreatedOnToolsVersion = 6.2;
						TestTargetID = 471A79E31AB3640500F7EDCC;
					};
				};
			};
			buildConfigurationList = 471A79DF1AB3640500F7EDCC /* Build configuration list for PBXProject "RPS" */;
			compatibilityVersion = "Xcode 3.2";
			developmentRegion = English;
			hasScannedForEncodings = 0;
			knownRegions = (
				en,
				Base,
			);
			mainGroup = 471A79DB1AB3640500F7EDCC;
			productRefGroup = 471A79E51AB3640500F7EDCC /* Products */;
			projectDirPath = "";
			projectRoot = "";
			targets = (
				471A79E31AB3640500F7EDCC /* RPS */,
				471A79F61AB3640600F7EDCC /* RPSTests */,
			);
		};
/* End PBXProject section */

/* Begin PBXResourcesBuildPhase section */
		471A79E21AB3640500F7EDCC /* Resources */ = {
			isa = PBXResourcesBuildPhase;
			buildActionMask = 2147483647;
			files = (
				471A79EF1AB3640500F7EDCC /* Images.xcassets in Resources */,
				471A79F21AB3640500F7EDCC /* MainMenu.xib in Resources */,
			);
			runOnlyForDeploymentPostprocessing = 0;
		};
		471A79F51AB3640600F7EDCC /* Resources */ = {
			isa = PBXResourcesBuildPhase;
			buildActionMask = 2147483647;
			files = (
			);
			runOnlyForDeploymentPostprocessing = 0;
		};
/* End PBXResourcesBuildPhase section */

/* Begin PBXSourcesBuildPhase section */
		471A79E01AB3640500F7EDCC /* Sources */ = {
			isa = PBXSourcesBuildPhase;
			buildActionMask = 2147483647;
			files = (
				471A79ED1AB3640500F7EDCC /* main.m in Sources */,
				471A79EB1AB3640500F7EDCC /* AppDelegate.m in Sources */,
			);
			runOnlyForDeploymentPostprocessing = 0;
		};
		471A79F31AB3640600F7EDCC /* Sources */ = {
			isa = PBXSourcesBuildPhase;
			buildActionMask = 2147483647;
			files = (
				471A79FE1AB3640600F7EDCC /* RPSTests.m in Sources */,
			);
			runOnlyForDeploymentPostprocessing = 0;
		};
/* End PBXSourcesBuildPhase section */

/* Begin PBXTargetDependency section */
		471A79F91AB3640600F7EDCC /* PBXTargetDependency */ = {
			isa = PBXTargetDependency;
			target = 471A79E31AB3640500F7EDCC /* RPS */;
			targetProxy = 471A79F81AB3640600F7EDCC /* PBXContainerItemProxy */;
		};
/* End PBXTargetDependency section */

/* Begin PBXVariantGroup section */
		471A79F01AB3640500F7EDCC /* MainMenu.xib */ = {
			isa = PBXVariantGroup;
			children = (
				471A79F11AB3640500F7EDCC /* Base */,
			);
			name = MainMenu.xib;
			sourceTree = "<group>";
		};
/* End PBXVariantGroup section */

/* Begin XCBuildConfiguration section */
		471A79FF1AB3640600F7EDCC /* Debug */ = {
			isa = XCBuildConfiguration;
			buildSettings = {
				ALWAYS_SEARCH_USER_PATHS = NO;
				CLANG_CXX_LANGUAGE_STANDARD = "gnu++0x";
				CLANG_CXX_LIBRARY = "libc++";
				CLANG_ENABLE_MODULES = YES;
				CLANG_ENABLE_OBJC_ARC = YES;
				CLANG_WARN_BOOL_CONVERSION = YES;
				CLANG_WARN_CONSTANT_CONVERSION = YES;
				CLANG_WARN_DIRECT_OBJC_ISA_USAGE = YES_ERROR;
				CLANG_WARN_EMPTY_BODY = YES;
				CLANG_WARN_ENUM_CONVERSION = YES;
				CLANG_WARN_INT_CONVERSION = YES;
				CLANG_WARN_OBJC_ROOT_CLASS = YES_ERROR;
				CLANG_WARN_UNREACHABLE_CODE = YES;
				CLANG_WARN__DUPLICATE_METHOD_MATCH = YES;
				CODE_SIGN_IDENTITY = "-";
				COPY_PHASE_STRIP = NO;
				ENABLE_STRICT_OBJC_MSGSEND = YES;
				GCC_C_LANGUAGE_STANDARD = gnu99;
				GCC_DYNAMIC_NO_PIC = NO;
				GCC_OPTIMIZATION_LEVEL = 0;
				GCC_PREPROCESSOR_DEFINITIONS = (
					"DEBUG=1",
					"$(inherited)",
				);
				GCC_SYMBOLS_PRIVATE_EXTERN = NO;
				GCC_WARN_64_TO_32_BIT_CONVERSION = YES;
				GCC_WARN_ABOUT_RETURN_TYPE = YES_ERROR;
				GCC_WARN_UNDECLARED_SELECTOR = YES;
				GCC_WARN_UNINITIALIZED_AUTOS = YES_AGGRESSIVE;
				GCC_WARN_UNUSED_FUNCTION = YES;
				GCC_WARN_UNUSED_VARIABLE = YES;
				MACOSX_DEPLOYMENT_TARGET = 10.9;
				MTL_ENABLE_DEBUG_INFO = YES;
				ONLY_ACTIVE_ARCH = YES;
				SDKROOT = macosx;
			};
			name = Debug;
		};
		471A7A001AB3640600F7EDCC /* Release */ = {
			isa = XCBuildConfiguration;
			buildSettings = {
				ALWAYS_SEARCH_USER_PATHS = NO;
				CLANG_CXX_LANGUAGE_STANDARD = "gnu++0x";
				CLANG_CXX_LIBRARY = "libc++";
				CLANG_ENABLE_MODULES = YES;
				CLANG_ENABLE_OBJC_ARC = YES;
				CLANG_WARN_BOOL_CONVERSION = YES;
				CLANG_WARN_CONSTANT_CONVERSION = YES;
				CLANG_WARN_DIRECT_OBJC_ISA_USAGE = YES_ERROR;
				CLANG_WARN_EMPTY_BODY = YES;
				CLANG_WARN_ENUM_CONVERSION = YES;
				CLANG_WARN_INT_CONVERSION = YES;
				CLANG_WARN_OBJC_ROOT_CLASS = YES_ERROR;
				CLANG_WARN_UNREACHABLE_CODE = YES;
				CLANG_WARN__DUPLICATE_METHOD_MATCH = YES;
				CODE_SIGN_IDENTITY = "-";
				COPY_PHASE_STRIP = NO;
				DEBUG_INFORMATION_FORMAT = "dwarf-with-dsym";
				ENABLE_NS_ASSERTIONS = NO;
				ENABLE_STRICT_OBJC_MSGSEND = YES;
				GCC_C_LANGUAGE_STANDARD = gnu99;
				GCC_WARN_64_TO_32_BIT_CONVERSION = YES;
				GCC_WARN_ABOUT_RETURN_TYPE = YES_ERROR;
				GCC_WARN_UNDECLARED_SELECTOR = YES;
				GCC_WARN_UNINITIALIZED_AUTOS = YES_AGGRESSIVE;
				GCC_WARN_UNUSED_FUNCTION = YES;
				GCC_WARN_UNUSED_VARIABLE = YES;
				MACOSX_DEPLOYMENT_TARGET = 10.9;
				MTL_ENABLE_DEBUG_INFO = NO;
				SDKROOT = macosx;
			};
			name = Release;
		};
		471A7A021AB3640600F7EDCC /* Debug */ = {
			isa = XCBuildConfiguration;
			buildSettings = {
				ASSETCATALOG_COMPILER_APPICON_NAME = AppIcon;
				COMBINE_HIDPI_IMAGES = YES;
				INFOPLIST_FILE = RPS/Info.plist;
				LD_RUNPATH_SEARCH_PATHS = "$(inherited) @executable_path/../Frameworks";
				PRODUCT_NAME = "$(TARGET_NAME)";
			};
			name = Debug;
		};
		471A7A031AB3640600F7EDCC /* Release */ = {
			isa = XCBuildConfiguration;
			buildSettings = {
				ASSETCATALOG_COMPILER_APPICON_NAME = AppIcon;
				COMBINE_HIDPI_IMAGES = YES;
				INFOPLIST_FILE = RPS/Info.plist;
				LD_RUNPATH_SEARCH_PATHS = "$(inherited) @executable_path/../Frameworks";
				PRODUCT_NAME = "$(TARGET_NAME)";
			};
			name = Release;
		};
		471A7A051AB3640600F7EDCC /* Debug */ = {
			isa = XCBuildConfiguration;
			buildSettings = {
				BUNDLE_LOADER = "$(TEST_HOST)";
				COMBINE_HIDPI_IMAGES = YES;
				FRAMEWORK_SEARCH_PATHS = (
					"$(DEVELOPER_FRAMEWORKS_DIR)",
					"$(inherited)",
				);
				GCC_PREPROCESSOR_DEFINITIONS = (
					"DEBUG=1",
					"$(inherited)",
				);
				INFOPLIST_FILE = RPSTests/Info.plist;
				LD_RUNPATH_SEARCH_PATHS = "$(inherited) @executable_path/../Frameworks @loader_path/../Frameworks";
				PRODUCT_NAME = "$(TARGET_NAME)";
				TEST_HOST = "$(BUILT_PRODUCTS_DIR)/RPS.app/Contents/MacOS/RPS";
			};
			name = Debug;
		};
		471A7A061AB3640600F7EDCC /* Release */ = {
			isa = XCBuildConfiguration;
			buildSettings = {
				BUNDLE_LOADER = "$(TEST_HOST)";
				COMBINE_HIDPI_IMAGES = YES;
				FRAMEWORK_SEARCH_PATHS = (
					"$(DEVELOPER_FRAMEWORKS_DIR)",
					"$(inherited)",
				);
				INFOPLIST_FILE = RPSTests/Info.plist;
				LD_RUNPATH_SEARCH_PATHS = "$(inherited) @executable_path/../Frameworks @loader_path/../Frameworks";
				PRODUCT_NAME = "$(TARGET_NAME)";
				TEST_HOST = "$(BUILT_PRODUCTS_DIR)/RPS.app/Contents/MacOS/RPS";
			};
			name = Release;
		};
/* End XCBuildConfiguration section */

/* Begin XCConfigurationList section */
		471A79DF1AB3640500F7EDCC /* Build configuration list for PBXProject "RPS" */ = {
			isa = XCConfigurationList;
			buildConfigurations = (
				471A79FF1AB3640600F7EDCC /* Debug */,
				471A7A001AB3640600F7EDCC /* Release */,
			);
			defaultConfigurationIsVisible = 0;
			defaultConfigurationName = Release;
		};
		471A7A011AB3640600F7EDCC /* Build configuration list for PBXNativeTarget "RPS" */ = {
			isa = XCConfigurationList;
			buildConfigurations = (
				471A7A021AB3640600F7EDCC /* Debug */,
				471A7A031AB3640600F7EDCC /* Release */,
			);
			defaultConfigurationIsVisible = 0;
		};
		471A7A041AB3640600F7EDCC /* Build configuration list for PBXNativeTarget "RPSTests" */ = {
			isa = XCConfigurationList;
			buildConfigurations = (
				471A7A051AB3640600F7EDCC /* Debug */,
				471A7A061AB3640600F7EDCC /* Release */,
			);
			defaultConfigurationIsVisible = 0;
		};
/* End XCConfigurationList section */
	};
	rootObject = 471A79DC1AB3640500F7EDCC /* Project object */;
}
